
Microsoft Visual Studio Solution File, Format Version 12.00
# Visual Studio Version 17
VisualStudioVersion = 17.13.35931.197 d17.13
MinimumVisualStudioVersion = 10.0.40219.1
Project("{FAE04EC0-301F-11D3-BF4B-00C04F79EFBC}") = "Send_Otp_ASP_NET", "Send_Otp_ASP_NET.csproj", "{A71FEAAE-3225-4E0D-874F-371D3A07ADEF}"
EndProject
Global
	GlobalSection(SolutionConfigurationPlatforms) = preSolution
		Debug|Any CPU = Debug|Any CPU
		Release|Any CPU = Release|Any CPU
	EndGlobalSection
	GlobalSection(ProjectConfigurationPlatforms) = postSolution
		{A71FEAAE-3225-4E0D-874F-371D3A07ADEF}.Debug|Any CPU.ActiveCfg = Debug|Any CPU
		{A71FEAAE-3225-4E0D-874F-371D3A07ADEF}.Debug|Any CPU.Build.0 = Debug|Any CPU
		{A71FEAAE-3225-4E0D-874F-371D3A07ADEF}.Release|Any CPU.ActiveCfg = Release|Any CPU
		{A71FEAAE-3225-4E0D-874F-371D3A07ADEF}.Release|Any CPU.Build.0 = Release|Any CPU
	EndGlobalSection
	GlobalSection(SolutionProperties) = preSolution
		HideSolutionNode = FALSE
	EndGlobalSection
	GlobalSection(ExtensibilityGlobals) = postSolution
		SolutionGuid = {7532C884-873F-43C3-AE67-D907FD5A9551}
	EndGlobalSection
EndGlobal
